
Microsoft Visual Studio Solution File, Format Version 12.00
# Visual Studio Version 17
VisualStudioVersion = 17.5.33209.295
MinimumVisualStudioVersion = 10.0.40219.1
Project("{FAE04EC0-301F-11D3-BF4B-00C04F79EFBC}") = "AzureCosmosDB-Emulator-API", "AzureCosmosDB-Emulator-API\AzureCosmosDB-Emulator-API.csproj", "{9728A12E-BBD9-49D7-9029-E8E29499AF05}"
EndProject
Global
	GlobalSection(SolutionConfigurationPlatforms) = preSolution
		Debug|Any CPU = Debug|Any CPU
		Release|Any CPU = Release|Any CPU
	EndGlobalSection
	GlobalSection(ProjectConfigurationPlatforms) = postSolution
		{9728A12E-BBD9-49D7-9029-E8E29499AF05}.Debug|Any CPU.ActiveCfg = Debug|Any CPU
		{9728A12E-BBD9-49D7-9029-E8E29499AF05}.Debug|Any CPU.Build.0 = Debug|Any CPU
		{9728A12E-BBD9-49D7-9029-E8E29499AF05}.Release|Any CPU.ActiveCfg = Release|Any CPU
		{9728A12E-BBD9-49D7-9029-E8E29499AF05}.Release|Any CPU.Build.0 = Release|Any CPU
	EndGlobalSection
	GlobalSection(SolutionProperties) = preSolution
		HideSolutionNode = FALSE
	EndGlobalSection
	GlobalSection(ExtensibilityGlobals) = postSolution
		SolutionGuid = {ED8CF8D7-78FE-403F-874D-68388865FA92}
	EndGlobalSection
EndGlobal
